
Microsoft Visual Studio Solution File, Format Version 12.00
# Visual Studio 2013
VisualStudioVersion = 12.0.21005.1
MinimumVisualStudioVersion = 10.0.40219.1
Project("{FAE04EC0-301F-11D3-BF4B-00C04F79EFBC}") = "Programon", "Programon\Programon\Programon.csproj", "{49C5BA8B-4D14-4F2C-AF7D-27C771B85354}"
EndProject
Project("{FAE04EC0-301F-11D3-BF4B-00C04F79EFBC}") = "ProgramonContent", "Programon\ProgramonContent\ProgramonContent.contentproj", "{B25252F2-84AA-4374-982E-40D7EC26717E}"
EndProject
Project("{FAE04EC0-301F-11D3-BF4B-00C04F79EFBC}") = "ProgramonEngine", "ProgramonEngine\ProgramonEngine.csproj", "{76DC92FF-9D24-4C7C-8E8F-FDFC6948A291}"
EndProject
Project("{FAE04EC0-301F-11D3-BF4B-00C04F79EFBC}") = "ProgramonSoundEngine", "ProgramonSoundEngine\ProgramonSoundEngine.csproj", "{0F5AAE86-AF76-485C-A864-5F143F4CBB92}"
EndProject
Global
	GlobalSection(SolutionConfigurationPlatforms) = preSolution
		Debug|x86 = Debug|x86
		Release|x86 = Release|x86
	EndGlobalSection
	GlobalSection(ProjectConfigurationPlatforms) = postSolution
		{49C5BA8B-4D14-4F2C-AF7D-27C771B85354}.Debug|x86.ActiveCfg = Debug|x86
		{49C5BA8B-4D14-4F2C-AF7D-27C771B85354}.Debug|x86.Build.0 = Debug|x86
		{49C5BA8B-4D14-4F2C-AF7D-27C771B85354}.Release|x86.ActiveCfg = Release|x86
		{49C5BA8B-4D14-4F2C-AF7D-27C771B85354}.Release|x86.Build.0 = Release|x86
		{B25252F2-84AA-4374-982E-40D7EC26717E}.Debug|x86.ActiveCfg = Debug|x86
		{B25252F2-84AA-4374-982E-40D7EC26717E}.Release|x86.ActiveCfg = Release|x86
		{76DC92FF-9D24-4C7C-8E8F-FDFC6948A291}.Debug|x86.ActiveCfg = Debug|x86
		{76DC92FF-9D24-4C7C-8E8F-FDFC6948A291}.Debug|x86.Build.0 = Debug|x86
		{76DC92FF-9D24-4C7C-8E8F-FDFC6948A291}.Release|x86.ActiveCfg = Release|x86
		{76DC92FF-9D24-4C7C-8E8F-FDFC6948A291}.Release|x86.Build.0 = Release|x86
		{0F5AAE86-AF76-485C-A864-5F143F4CBB92}.Debug|x86.ActiveCfg = Debug|x86
		{0F5AAE86-AF76-485C-A864-5F143F4CBB92}.Debug|x86.Build.0 = Debug|x86
		{0F5AAE86-AF76-485C-A864-5F143F4CBB92}.Release|x86.ActiveCfg = Release|x86
		{0F5AAE86-AF76-485C-A864-5F143F4CBB92}.Release|x86.Build.0 = Release|x86
	EndGlobalSection
	GlobalSection(SolutionProperties) = preSolution
		HideSolutionNode = FALSE
	EndGlobalSection
EndGlobal
